// !$*UTF8*$!
{
	archiveVersion = 1;
	classes = {
	};
	objectVersion = 52;
	objects = {

/* Begin PBXBuildFile section */
		02739EC025BCB4A000AEE418 /* SpaceXApp.swift in Sources */ = {isa = PBXBuildFile; fileRef = 02739EBF25BCB4A000AEE418 /* SpaceXApp.swift */; };
		02739EC225BCB4A000AEE418 /* LaunchesView.swift in Sources */ = {isa = PBXBuildFile; fileRef = 02739EC125BCB4A000AEE418 /* LaunchesView.swift */; };
		02739EC425BCB4A300AEE418 /* Assets.xcassets in Resources */ = {isa = PBXBuildFile; fileRef = 02739EC325BCB4A300AEE418 /* Assets.xcassets */; };
		02739EC725BCB4A300AEE418 /* Preview Assets.xcassets in Resources */ = {isa = PBXBuildFile; fileRef = 02739EC625BCB4A300AEE418 /* Preview Assets.xcassets */; };
		02739ED125BCB58800AEE418 /* Alamofire in Frameworks */ = {isa = PBXBuildFile; productRef = 02739ED025BCB58800AEE418 /* Alamofire */; };
		02739ED525BCB5DB00AEE418 /* ServiceError.swift in Sources */ = {isa = PBXBuildFile; fileRef = 02739ED425BCB5DB00AEE418 /* ServiceError.swift */; };
		02739ED825BCB69500AEE418 /* Service.swift in Sources */ = {isa = PBXBuildFile; fileRef = 02739ED725BCB69500AEE418 /* Service.swift */; };
		02739EDB25BCB70E00AEE418 /* Endpoint.swift in Sources */ = {isa = PBXBuildFile; fileRef = 02739EDA25BCB70E00AEE418 /* Endpoint.swift */; };
		02739EE225BCBCC400AEE418 /* LaunchesViewModel.swift in Sources */ = {isa = PBXBuildFile; fileRef = 02739EE125BCBCC400AEE418 /* LaunchesViewModel.swift */; };
		02739EE525BCBD6B00AEE418 /* LaunchesPresenter.swift in Sources */ = {isa = PBXBuildFile; fileRef = 02739EE425BCBD6B00AEE418 /* LaunchesPresenter.swift */; };
		02739EE925BCBE5100AEE418 /* LaunchesModel.swift in Sources */ = {isa = PBXBuildFile; fileRef = 02739EE825BCBE5100AEE418 /* LaunchesModel.swift */; };
		02739EEC25BCBEC200AEE418 /* LinkModel.swift in Sources */ = {isa = PBXBuildFile; fileRef = 02739EEB25BCBEC200AEE418 /* LinkModel.swift */; };
		02739EEF25BCBEF000AEE418 /* PatchModel.swift in Sources */ = {isa = PBXBuildFile; fileRef = 02739EEE25BCBEF000AEE418 /* PatchModel.swift */; };
		02739EF225BD5D1700AEE418 /* LaunchesCell.swift in Sources */ = {isa = PBXBuildFile; fileRef = 02739EF125BD5D1700AEE418 /* LaunchesCell.swift */; };
		02739EFB25BD5F3800AEE418 /* Kingfisher in Frameworks */ = {isa = PBXBuildFile; productRef = 02739EFA25BD5F3800AEE418 /* Kingfisher */; };
		02739EFF25BD760900AEE418 /* LaunchesDetailViewModel.swift in Sources */ = {isa = PBXBuildFile; fileRef = 02739EFE25BD760900AEE418 /* LaunchesDetailViewModel.swift */; };
		02739F0325BD766600AEE418 /* LaunchesDetailPresenter.swift in Sources */ = {isa = PBXBuildFile; fileRef = 02739F0225BD766600AEE418 /* LaunchesDetailPresenter.swift */; };
		02739F0625BD778800AEE418 /* LaunchesDetailView.swift in Sources */ = {isa = PBXBuildFile; fileRef = 02739F0525BD778800AEE418 /* LaunchesDetailView.swift */; };
		02A4A44225BD92AC001BCFBF /* RocketsView.swift in Sources */ = {isa = PBXBuildFile; fileRef = 02A4A44125BD92AC001BCFBF /* RocketsView.swift */; };
		02A4A44625BD92D0001BCFBF /* HomeContentView.swift in Sources */ = {isa = PBXBuildFile; fileRef = 02A4A44525BD92D0001BCFBF /* HomeContentView.swift */; };
/* End PBXBuildFile section */

/* Begin PBXFileReference section */
		02739EBC25BCB4A000AEE418 /* SpaceX.app */ = {isa = PBXFileReference; explicitFileType = wrapper.application; includeInIndex = 0; path = SpaceX.app; sourceTree = BUILT_PRODUCTS_DIR; };
		02739EBF25BCB4A000AEE418 /* SpaceXApp.swift */ = {isa = PBXFileReference; lastKnownFileType = sourcecode.swift; path = SpaceXApp.swift; sourceTree = "<group>"; };
		02739EC125BCB4A000AEE418 /* LaunchesView.swift */ = {isa = PBXFileReference; lastKnownFileType = sourcecode.swift; path = LaunchesView.swift; sourceTree = "<group>"; };
		02739EC325BCB4A300AEE418 /* Assets.xcassets */ = {isa = PBXFileReference; lastKnownFileType = folder.assetcatalog; path = Assets.xcassets; sourceTree = "<group>"; };
		02739EC625BCB4A300AEE418 /* Preview Assets.xcassets */ = {isa = PBXFileReference; lastKnownFileType = folder.assetcatalog; path = "Preview Assets.xcassets"; sourceTree = "<group>"; };
		02739EC825BCB4A300AEE418 /* Info.plist */ = {isa = PBXFileReference; lastKnownFileType = text.plist.xml; path = Info.plist; sourceTree = "<group>"; };
		02739ED425BCB5DB00AEE418 /* ServiceError.swift */ = {isa = PBXFileReference; lastKnownFileType = sourcecode.swift; path = ServiceError.swift; sourceTree = "<group>"; };
		02739ED725BCB69500AEE418 /* Service.swift */ = {isa = PBXFileReference; lastKnownFileType = sourcecode.swift; path = Service.swift; sourceTree = "<group>"; };
		02739EDA25BCB70E00AEE418 /* Endpoint.swift */ = {isa = PBXFileReference; lastKnownFileType = sourcecode.swift; path = Endpoint.swift; sourceTree = "<group>"; };
		02739EE125BCBCC400AEE418 /* LaunchesViewModel.swift */ = {isa = PBXFileReference; lastKnownFileType = sourcecode.swift; path = LaunchesViewModel.swift; sourceTree = "<group>"; };
		02739EE425BCBD6B00AEE418 /* LaunchesPresenter.swift */ = {isa = PBXFileReference; lastKnownFileType = sourcecode.swift; path = LaunchesPresenter.swift; sourceTree = "<group>"; };
		02739EE825BCBE5100AEE418 /* LaunchesModel.swift */ = {isa = PBXFileReference; lastKnownFileType = sourcecode.swift; path = LaunchesModel.swift; sourceTree = "<group>"; };
		02739EEB25BCBEC200AEE418 /* LinkModel.swift */ = {isa = PBXFileReference; lastKnownFileType = sourcecode.swift; path = LinkModel.swift; sourceTree = "<group>"; };
		02739EEE25BCBEF000AEE418 /* PatchModel.swift */ = {isa = PBXFileReference; lastKnownFileType = sourcecode.swift; path = PatchModel.swift; sourceTree = "<group>"; };
		02739EF125BD5D1700AEE418 /* LaunchesCell.swift */ = {isa = PBXFileReference; lastKnownFileType = sourcecode.swift; path = LaunchesCell.swift; sourceTree = "<group>"; };
		02739EFE25BD760900AEE418 /* LaunchesDetailViewModel.swift */ = {isa = PBXFileReference; lastKnownFileType = sourcecode.swift; path = LaunchesDetailViewModel.swift; sourceTree = "<group>"; };
		02739F0225BD766600AEE418 /* LaunchesDetailPresenter.swift */ = {isa = PBXFileReference; lastKnownFileType = sourcecode.swift; path = LaunchesDetailPresenter.swift; sourceTree = "<group>"; };
		02739F0525BD778800AEE418 /* LaunchesDetailView.swift */ = {isa = PBXFileReference; lastKnownFileType = sourcecode.swift; path = LaunchesDetailView.swift; sourceTree = "<group>"; };
		02A4A44125BD92AC001BCFBF /* RocketsView.swift */ = {isa = PBXFileReference; lastKnownFileType = sourcecode.swift; path = RocketsView.swift; sourceTree = "<group>"; };
		02A4A44525BD92D0001BCFBF /* HomeContentView.swift */ = {isa = PBXFileReference; lastKnownFileType = sourcecode.swift; path = HomeContentView.swift; sourceTree = "<group>"; };
/* End PBXFileReference section */

/* Begin PBXFrameworksBuildPhase section */
		02739EB925BCB4A000AEE418 /* Frameworks */ = {
			isa = PBXFrameworksBuildPhase;
			buildActionMask = 2147483647;
			files = (
				02739EFB25BD5F3800AEE418 /* Kingfisher in Frameworks */,
				02739ED125BCB58800AEE418 /* Alamofire in Frameworks */,
			);
			runOnlyForDeploymentPostprocessing = 0;
		};
/* End PBXFrameworksBuildPhase section */

/* Begin PBXGroup section */
		02739EB325BCB4A000AEE418 = {
			isa = PBXGroup;
			children = (
				02739EBE25BCB4A000AEE418 /* SpaceX */,
				02739EBD25BCB4A000AEE418 /* Products */,
			);
			sourceTree = "<group>";
		};
		02739EBD25BCB4A000AEE418 /* Products */ = {
			isa = PBXGroup;
			children = (
				02739EBC25BCB4A000AEE418 /* SpaceX.app */,
			);
			name = Products;
			sourceTree = "<group>";
		};
		02739EBE25BCB4A000AEE418 /* SpaceX */ = {
			isa = PBXGroup;
			children = (
				02A4A43F25BD9273001BCFBF /* Home */,
				02739EFD25BD75DA00AEE418 /* LaunchesDetail */,
				02739EDE25BCBC5B00AEE418 /* App */,
				02739ED325BCB58F00AEE418 /* Networking */,
				02739EC325BCB4A300AEE418 /* Assets.xcassets */,
				02739EC825BCB4A300AEE418 /* Info.plist */,
				02739EC525BCB4A300AEE418 /* Preview Content */,
				02739EDA25BCB70E00AEE418 /* Endpoint.swift */,
			);
			path = SpaceX;
			sourceTree = "<group>";
		};
		02739EC525BCB4A300AEE418 /* Preview Content */ = {
			isa = PBXGroup;
			children = (
				02739EC625BCB4A300AEE418 /* Preview Assets.xcassets */,
			);
			path = "Preview Content";
			sourceTree = "<group>";
		};
		02739ED325BCB58F00AEE418 /* Networking */ = {
			isa = PBXGroup;
			children = (
				02739EE725BCBE2900AEE418 /* Models */,
				02739ED425BCB5DB00AEE418 /* ServiceError.swift */,
				02739ED725BCB69500AEE418 /* Service.swift */,
			);
			path = Networking;
			sourceTree = "<group>";
		};
		02739EDD25BCBC4A00AEE418 /* Launches */ = {
			isa = PBXGroup;
			children = (
				02739EC125BCB4A000AEE418 /* LaunchesView.swift */,
				02739EE125BCBCC400AEE418 /* LaunchesViewModel.swift */,
				02739EE425BCBD6B00AEE418 /* LaunchesPresenter.swift */,
				02739EF125BD5D1700AEE418 /* LaunchesCell.swift */,
			);
			path = Launches;
			sourceTree = "<group>";
		};
		02739EDE25BCBC5B00AEE418 /* App */ = {
			isa = PBXGroup;
			children = (
				02739EBF25BCB4A000AEE418 /* SpaceXApp.swift */,
			);
			path = App;
			sourceTree = "<group>";
		};
		02739EE725BCBE2900AEE418 /* Models */ = {
			isa = PBXGroup;
			children = (
				02739EE825BCBE5100AEE418 /* LaunchesModel.swift */,
				02739EEB25BCBEC200AEE418 /* LinkModel.swift */,
				02739EEE25BCBEF000AEE418 /* PatchModel.swift */,
			);
			path = Models;
			sourceTree = "<group>";
		};
		02739EFD25BD75DA00AEE418 /* LaunchesDetail */ = {
			isa = PBXGroup;
			children = (
				02739EFE25BD760900AEE418 /* LaunchesDetailViewModel.swift */,
				02739F0225BD766600AEE418 /* LaunchesDetailPresenter.swift */,
				02739F0525BD778800AEE418 /* LaunchesDetailView.swift */,
			);
			path = LaunchesDetail;
			sourceTree = "<group>";
		};
		02A4A43F25BD9273001BCFBF /* Home */ = {
			isa = PBXGroup;
			children = (
				02739EDD25BCBC4A00AEE418 /* Launches */,
				02A4A44025BD927B001BCFBF /* Rockets */,
				02A4A44525BD92D0001BCFBF /* HomeContentView.swift */,
			);
			path = Home;
			sourceTree = "<group>";
		};
		02A4A44025BD927B001BCFBF /* Rockets */ = {
			isa = PBXGroup;
			children = (
				02A4A44125BD92AC001BCFBF /* RocketsView.swift */,
			);
			path = Rockets;
			sourceTree = "<group>";
		};
/* End PBXGroup section */

/* Begin PBXNativeTarget section */
		02739EBB25BCB4A000AEE418 /* SpaceX */ = {
			isa = PBXNativeTarget;
			buildConfigurationList = 02739ECB25BCB4A300AEE418 /* Build configuration list for PBXNativeTarget "SpaceX" */;
			buildPhases = (
				02739EB825BCB4A000AEE418 /* Sources */,
				02739EB925BCB4A000AEE418 /* Frameworks */,
				02739EBA25BCB4A000AEE418 /* Resources */,
			);
			buildRules = (
			);
			dependencies = (
			);
			name = SpaceX;
			packageProductDependencies = (
				02739ED025BCB58800AEE418 /* Alamofire */,
				02739EFA25BD5F3800AEE418 /* Kingfisher */,
			);
			productName = SpaceX;
			productReference = 02739EBC25BCB4A000AEE418 /* SpaceX.app */;
			productType = "com.apple.product-type.application";
		};
/* End PBXNativeTarget section */

/* Begin PBXProject section */
		02739EB425BCB4A000AEE418 /* Project object */ = {
			isa = PBXProject;
			attributes = {
				LastSwiftUpdateCheck = 1230;
				LastUpgradeCheck = 1230;
				TargetAttributes = {
					02739EBB25BCB4A000AEE418 = {
						CreatedOnToolsVersion = 12.3;
					};
				};
			};
			buildConfigurationList = 02739EB725BCB4A000AEE418 /* Build configuration list for PBXProject "SpaceX" */;
			compatibilityVersion = "Xcode 9.3";
			developmentRegion = en;
			hasScannedForEncodings = 0;
			knownRegions = (
				en,
				Base,
			);
			mainGroup = 02739EB325BCB4A000AEE418;
			packageReferences = (
				02739ECF25BCB58800AEE418 /* XCRemoteSwiftPackageReference "Alamofire" */,
				02739EF925BD5F3800AEE418 /* XCRemoteSwiftPackageReference "Kingfisher" */,
			);
			productRefGroup = 02739EBD25BCB4A000AEE418 /* Products */;
			projectDirPath = "";
			projectRoot = "";
			targets = (
				02739EBB25BCB4A000AEE418 /* SpaceX */,
			);
		};
/* End PBXProject section */

/* Begin PBXResourcesBuildPhase section */
		02739EBA25BCB4A000AEE418 /* Resources */ = {
			isa = PBXResourcesBuildPhase;
			buildActionMask = 2147483647;
			files = (
				02739EC725BCB4A300AEE418 /* Preview Assets.xcassets in Resources */,
				02739EC425BCB4A300AEE418 /* Assets.xcassets in Resources */,
			);
			runOnlyForDeploymentPostprocessing = 0;
		};
/* End PBXResourcesBuildPhase section */

/* Begin PBXSourcesBuildPhase section */
		02739EB825BCB4A000AEE418 /* Sources */ = {
			isa = PBXSourcesBuildPhase;
			buildActionMask = 2147483647;
			files = (
				02739EEF25BCBEF000AEE418 /* PatchModel.swift in Sources */,
				02739F0325BD766600AEE418 /* LaunchesDetailPresenter.swift in Sources */,
				02739EEC25BCBEC200AEE418 /* LinkModel.swift in Sources */,
				02739EFF25BD760900AEE418 /* LaunchesDetailViewModel.swift in Sources */,
				02739ED525BCB5DB00AEE418 /* ServiceError.swift in Sources */,
				02739EF225BD5D1700AEE418 /* LaunchesCell.swift in Sources */,
				02739EE525BCBD6B00AEE418 /* LaunchesPresenter.swift in Sources */,
				02739EE925BCBE5100AEE418 /* LaunchesModel.swift in Sources */,
				02739ED825BCB69500AEE418 /* Service.swift in Sources */,
				02739EC225BCB4A000AEE418 /* LaunchesView.swift in Sources */,
				02A4A44225BD92AC001BCFBF /* RocketsView.swift in Sources */,
				02739F0625BD778800AEE418 /* LaunchesDetailView.swift in Sources */,
				02739EE225BCBCC400AEE418 /* LaunchesViewModel.swift in Sources */,
				02739EC025BCB4A000AEE418 /* SpaceXApp.swift in Sources */,
				02739EDB25BCB70E00AEE418 /* Endpoint.swift in Sources */,
				02A4A44625BD92D0001BCFBF /* HomeContentView.swift in Sources */,
			);
			runOnlyForDeploymentPostprocessing = 0;
		};
/* End PBXSourcesBuildPhase section */

/* Begin XCBuildConfiguration section */
		02739EC925BCB4A300AEE418 /* Debug */ = {
			isa = XCBuildConfiguration;
			buildSettings = {
				ALWAYS_SEARCH_USER_PATHS = NO;
				CLANG_ANALYZER_NONNULL = YES;
				CLANG_ANALYZER_NUMBER_OBJECT_CONVERSION = YES_AGGRESSIVE;
				CLANG_CXX_LANGUAGE_STANDARD = "gnu++14";
				CLANG_CXX_LIBRARY = "libc++";
				CLANG_ENABLE_MODULES = YES;
				CLANG_ENABLE_OBJC_ARC = YES;
				CLANG_ENABLE_OBJC_WEAK = YES;
				CLANG_WARN_BLOCK_CAPTURE_AUTORELEASING = YES;
				CLANG_WARN_BOOL_CONVERSION = YES;
				CLANG_WARN_COMMA = YES;
				CLANG_WARN_CONSTANT_CONVERSION = YES;
				CLANG_WARN_DEPRECATED_OBJC_IMPLEMENTATIONS = YES;
				CLANG_WARN_DIRECT_OBJC_ISA_USAGE = YES_ERROR;
				CLANG_WARN_DOCUMENTATION_COMMENTS = YES;
				CLANG_WARN_EMPTY_BODY = YES;
				CLANG_WARN_ENUM_CONVERSION = YES;
				CLANG_WARN_INFINITE_RECURSION = YES;
				CLANG_WARN_INT_CONVERSION = YES;
				CLANG_WARN_NON_LITERAL_NULL_CONVERSION = YES;
				CLANG_WARN_OBJC_IMPLICIT_RETAIN_SELF = YES;
				CLANG_WARN_OBJC_LITERAL_CONVERSION = YES;
				CLANG_WARN_OBJC_ROOT_CLASS = YES_ERROR;
				CLANG_WARN_QUOTED_INCLUDE_IN_FRAMEWORK_HEADER = YES;
				CLANG_WARN_RANGE_LOOP_ANALYSIS = YES;
				CLANG_WARN_STRICT_PROTOTYPES = YES;
				CLANG_WARN_SUSPICIOUS_MOVE = YES;
				CLANG_WARN_UNGUARDED_AVAILABILITY = YES_AGGRESSIVE;
				CLANG_WARN_UNREACHABLE_CODE = YES;
				CLANG_WARN__DUPLICATE_METHOD_MATCH = YES;
				COPY_PHASE_STRIP = NO;
				DEBUG_INFORMATION_FORMAT = dwarf;
				ENABLE_STRICT_OBJC_MSGSEND = YES;
				ENABLE_TESTABILITY = YES;
				GCC_C_LANGUAGE_STANDARD = gnu11;
				GCC_DYNAMIC_NO_PIC = NO;
				GCC_NO_COMMON_BLOCKS = YES;
				GCC_OPTIMIZATION_LEVEL = 0;
				GCC_PREPROCESSOR_DEFINITIONS = (
					"DEBUG=1",
					"$(inherited)",
				);
				GCC_WARN_64_TO_32_BIT_CONVERSION = YES;
				GCC_WARN_ABOUT_RETURN_TYPE = YES_ERROR;
				GCC_WARN_UNDECLARED_SELECTOR = YES;
				GCC_WARN_UNINITIALIZED_AUTOS = YES_AGGRESSIVE;
				GCC_WARN_UNUSED_FUNCTION = YES;
				GCC_WARN_UNUSED_VARIABLE = YES;
				IPHONEOS_DEPLOYMENT_TARGET = 14.3;
				MTL_ENABLE_DEBUG_INFO = INCLUDE_SOURCE;
				MTL_FAST_MATH = YES;
				ONLY_ACTIVE_ARCH = YES;
				SDKROOT = iphoneos;
				SWIFT_ACTIVE_COMPILATION_CONDITIONS = DEBUG;
				SWIFT_OPTIMIZATION_LEVEL = "-Onone";
			};
			name = Debug;
		};
		02739ECA25BCB4A300AEE418 /* Release */ = {
			isa = XCBuildConfiguration;
			buildSettings = {
				ALWAYS_SEARCH_USER_PATHS = NO;
				CLANG_ANALYZER_NONNULL = YES;
				CLANG_ANALYZER_NUMBER_OBJECT_CONVERSION = YES_AGGRESSIVE;
				CLANG_CXX_LANGUAGE_STANDARD = "gnu++14";
				CLANG_CXX_LIBRARY = "libc++";
				CLANG_ENABLE_MODULES = YES;
				CLANG_ENABLE_OBJC_ARC = YES;
				CLANG_ENABLE_OBJC_WEAK = YES;
				CLANG_WARN_BLOCK_CAPTURE_AUTORELEASING = YES;
				CLANG_WARN_BOOL_CONVERSION = YES;
				CLANG_WARN_COMMA = YES;
				CLANG_WARN_CONSTANT_CONVERSION = YES;
				CLANG_WARN_DEPRECATED_OBJC_IMPLEMENTATIONS = YES;
				CLANG_WARN_DIRECT_OBJC_ISA_USAGE = YES_ERROR;
				CLANG_WARN_DOCUMENTATION_COMMENTS = YES;
				CLANG_WARN_EMPTY_BODY = YES;
				CLANG_WARN_ENUM_CONVERSION = YES;
				CLANG_WARN_INFINITE_RECURSION = YES;
				CLANG_WARN_INT_CONVERSION = YES;
				CLANG_WARN_NON_LITERAL_NULL_CONVERSION = YES;
				CLANG_WARN_OBJC_IMPLICIT_RETAIN_SELF = YES;
				CLANG_WARN_OBJC_LITERAL_CONVERSION = YES;
				CLANG_WARN_OBJC_ROOT_CLASS = YES_ERROR;
				CLANG_WARN_QUOTED_INCLUDE_IN_FRAMEWORK_HEADER = YES;
				CLANG_WARN_RANGE_LOOP_ANALYSIS = YES;
				CLANG_WARN_STRICT_PROTOTYPES = YES;
				CLANG_WARN_SUSPICIOUS_MOVE = YES;
				CLANG_WARN_UNGUARDED_AVAILABILITY = YES_AGGRESSIVE;
				CLANG_WARN_UNREACHABLE_CODE = YES;
				CLANG_WARN__DUPLICATE_METHOD_MATCH = YES;
				COPY_PHASE_STRIP = NO;
				DEBUG_INFORMATION_FORMAT = "dwarf-with-dsym";
				ENABLE_NS_ASSERTIONS = NO;
				ENABLE_STRICT_OBJC_MSGSEND = YES;
				GCC_C_LANGUAGE_STANDARD = gnu11;
				GCC_NO_COMMON_BLOCKS = YES;
				GCC_WARN_64_TO_32_BIT_CONVERSION = YES;
				GCC_WARN_ABOUT_RETURN_TYPE = YES_ERROR;
				GCC_WARN_UNDECLARED_SELECTOR = YES;
				GCC_WARN_UNINITIALIZED_AUTOS = YES_AGGRESSIVE;
				GCC_WARN_UNUSED_FUNCTION = YES;
				GCC_WARN_UNUSED_VARIABLE = YES;
				IPHONEOS_DEPLOYMENT_TARGET = 14.3;
				MTL_ENABLE_DEBUG_INFO = NO;
				MTL_FAST_MATH = YES;
				SDKROOT = iphoneos;
				SWIFT_COMPILATION_MODE = wholemodule;
				SWIFT_OPTIMIZATION_LEVEL = "-O";
				VALIDATE_PRODUCT = YES;
			};
			name = Release;
		};
		02739ECC25BCB4A300AEE418 /* Debug */ = {
			isa = XCBuildConfiguration;
			buildSettings = {
				ASSETCATALOG_COMPILER_APPICON_NAME = AppIcon;
				ASSETCATALOG_COMPILER_GLOBAL_ACCENT_COLOR_NAME = AccentColor;
				CODE_SIGN_STYLE = Automatic;
				DEVELOPMENT_ASSET_PATHS = "\"SpaceX/Preview Content\"";
				DEVELOPMENT_TEAM = GK47RU6U9Q;
				ENABLE_PREVIEWS = YES;
				INFOPLIST_FILE = SpaceX/Info.plist;
				IPHONEOS_DEPLOYMENT_TARGET = 14.0;
				LD_RUNPATH_SEARCH_PATHS = (
					"$(inherited)",
					"@executable_path/Frameworks",
				);
				PRODUCT_BUNDLE_IDENTIFIER = conopa.SpaceX;
				PRODUCT_NAME = "$(TARGET_NAME)";
				SWIFT_VERSION = 5.0;
				TARGETED_DEVICE_FAMILY = "1,2";
			};
			name = Debug;
		};
		02739ECD25BCB4A300AEE418 /* Release */ = {
			isa = XCBuildConfiguration;
			buildSettings = {
				ASSETCATALOG_COMPILER_APPICON_NAME = AppIcon;
				ASSETCATALOG_COMPILER_GLOBAL_ACCENT_COLOR_NAME = AccentColor;
				CODE_SIGN_STYLE = Automatic;
				DEVELOPMENT_ASSET_PATHS = "\"SpaceX/Preview Content\"";
				DEVELOPMENT_TEAM = GK47RU6U9Q;
				ENABLE_PREVIEWS = YES;
				INFOPLIST_FILE = SpaceX/Info.plist;
				IPHONEOS_DEPLOYMENT_TARGET = 14.0;
				LD_RUNPATH_SEARCH_PATHS = (
					"$(inherited)",
					"@executable_path/Frameworks",
				);
				PRODUCT_BUNDLE_IDENTIFIER = conopa.SpaceX;
				PRODUCT_NAME = "$(TARGET_NAME)";
				SWIFT_VERSION = 5.0;
				TARGETED_DEVICE_FAMILY = "1,2";
			};
			name = Release;
		};
/* End XCBuildConfiguration section */

/* Begin XCConfigurationList section */
		02739EB725BCB4A000AEE418 /* Build configuration list for PBXProject "SpaceX" */ = {
			isa = XCConfigurationList;
			buildConfigurations = (
				02739EC925BCB4A300AEE418 /* Debug */,
				02739ECA25BCB4A300AEE418 /* Release */,
			);
			defaultConfigurationIsVisible = 0;
			defaultConfigurationName = Release;
		};
		02739ECB25BCB4A300AEE418 /* Build configuration list for PBXNativeTarget "SpaceX" */ = {
			isa = XCConfigurationList;
			buildConfigurations = (
				02739ECC25BCB4A300AEE418 /* Debug */,
				02739ECD25BCB4A300AEE418 /* Release */,
			);
			defaultConfigurationIsVisible = 0;
			defaultConfigurationName = Release;
		};
/* End XCConfigurationList section */

/* Begin XCRemoteSwiftPackageReference section */
		02739ECF25BCB58800AEE418 /* XCRemoteSwiftPackageReference "Alamofire" */ = {
			isa = XCRemoteSwiftPackageReference;
			repositoryURL = "git@github.com:Alamofire/Alamofire.git";
			requirement = {
				kind = upToNextMajorVersion;
				minimumVersion = 5.4.1;
			};
		};
		02739EF925BD5F3800AEE418 /* XCRemoteSwiftPackageReference "Kingfisher" */ = {
			isa = XCRemoteSwiftPackageReference;
			repositoryURL = "git@github.com:onevcat/Kingfisher.git";
			requirement = {
				kind = upToNextMajorVersion;
				minimumVersion = 6.0.1;
			};
		};
/* End XCRemoteSwiftPackageReference section */

/* Begin XCSwiftPackageProductDependency section */
		02739ED025BCB58800AEE418 /* Alamofire */ = {
			isa = XCSwiftPackageProductDependency;
			package = 02739ECF25BCB58800AEE418 /* XCRemoteSwiftPackageReference "Alamofire" */;
			productName = Alamofire;
		};
		02739EFA25BD5F3800AEE418 /* Kingfisher */ = {
			isa = XCSwiftPackageProductDependency;
			package = 02739EF925BD5F3800AEE418 /* XCRemoteSwiftPackageReference "Kingfisher" */;
			productName = Kingfisher;
		};
/* End XCSwiftPackageProductDependency section */
	};
	rootObject = 02739EB425BCB4A000AEE418 /* Project object */;
}
